// !$*UTF8*$!
{
	archiveVersion = 1;
	classes = {
	};
	objectVersion = 46;
	objects = {

/* Begin PBXBuildFile section */
		4C6443E619DF978500893F45 /* main.swift in Sources */ = {isa = PBXBuildFile; fileRef = 4C6443E519DF978500893F45 /* main.swift */; };
		4C8DC68D19E70BFC00E1A887 /* Battery.swift in Sources */ = {isa = PBXBuildFile; fileRef = 4C8DC68C19E70BFC00E1A887 /* Battery.swift */; };
		4CAC81A119E8B56C00166B26 /* IOReturn.swift in Sources */ = {isa = PBXBuildFile; fileRef = 4CAC81A019E8B56C00166B26 /* IOReturn.swift */; };
/* End PBXBuildFile section */

/* Begin PBXCopyFilesBuildPhase section */
		4C6443E019DF978500893F45 /* CopyFiles */ = {
			isa = PBXCopyFilesBuildPhase;
			buildActionMask = 2147483647;
			dstPath = /usr/share/man/man1/;
			dstSubfolderSpec = 0;
			files = (
			);
			runOnlyForDeploymentPostprocessing = 1;
		};
/* End PBXCopyFilesBuildPhase section */

/* Begin PBXFileReference section */
		4C6443E219DF978500893F45 /* SystemKit */ = {isa = PBXFileReference; explicitFileType = "compiled.mach-o.executable"; includeInIndex = 0; path = SystemKit; sourceTree = BUILT_PRODUCTS_DIR; };
		4C6443E519DF978500893F45 /* main.swift */ = {isa = PBXFileReference; lastKnownFileType = sourcecode.swift; path = main.swift; sourceTree = "<group>"; };
		4C8DC68C19E70BFC00E1A887 /* Battery.swift */ = {isa = PBXFileReference; fileEncoding = 4; lastKnownFileType = sourcecode.swift; path = Battery.swift; sourceTree = "<group>"; };
		4CAC81A019E8B56C00166B26 /* IOReturn.swift */ = {isa = PBXFileReference; fileEncoding = 4; lastKnownFileType = sourcecode.swift; path = IOReturn.swift; sourceTree = "<group>"; };
/* End PBXFileReference section */

/* Begin PBXFrameworksBuildPhase section */
		4C6443DF19DF978500893F45 /* Frameworks */ = {
			isa = PBXFrameworksBuildPhase;
			buildActionMask = 2147483647;
			files = (
			);
			runOnlyForDeploymentPostprocessing = 0;
		};
/* End PBXFrameworksBuildPhase section */

/* Begin PBXGroup section */
		4C6443D919DF978500893F45 = {
			isa = PBXGroup;
			children = (
				4C6443E419DF978500893F45 /* SystemKit */,
				4C6443E319DF978500893F45 /* Products */,
			);
			sourceTree = "<group>";
		};
		4C6443E319DF978500893F45 /* Products */ = {
			isa = PBXGroup;
			children = (
				4C6443E219DF978500893F45 /* SystemKit */,
			);
			name = Products;
			sourceTree = "<group>";
		};
		4C6443E419DF978500893F45 /* SystemKit */ = {
			isa = PBXGroup;
			children = (
				4C6443E519DF978500893F45 /* main.swift */,
				4C8DC68C19E70BFC00E1A887 /* Battery.swift */,
				4CAC81A019E8B56C00166B26 /* IOReturn.swift */,
			);
			path = SystemKit;
			sourceTree = "<group>";
		};
/* End PBXGroup section */

/* Begin PBXNativeTarget section */
		4C6443E119DF978500893F45 /* SystemKit */ = {
			isa = PBXNativeTarget;
			buildConfigurationList = 4C6443E919DF978500893F45 /* Build configuration list for PBXNativeTarget "SystemKit" */;
			buildPhases = (
				4C6443DE19DF978500893F45 /* Sources */,
				4C6443DF19DF978500893F45 /* Frameworks */,
				4C6443E019DF978500893F45 /* CopyFiles */,
			);
			buildRules = (
			);
			dependencies = (
			);
			name = SystemKit;
			productName = SystemKit;
			productReference = 4C6443E219DF978500893F45 /* SystemKit */;
			productType = "com.apple.product-type.tool";
		};
/* End PBXNativeTarget section */

/* Begin PBXProject section */
		4C6443DA19DF978500893F45 /* Project object */ = {
			isa = PBXProject;
			attributes = {
				LastUpgradeCheck = 0610;
				ORGANIZATIONNAME = beltex;
				TargetAttributes = {
					4C6443E119DF978500893F45 = {
						CreatedOnToolsVersion = 6.1;
					};
				};
			};
			buildConfigurationList = 4C6443DD19DF978500893F45 /* Build configuration list for PBXProject "SystemKit" */;
			compatibilityVersion = "Xcode 3.2";
			developmentRegion = English;
			hasScannedForEncodings = 0;
			knownRegions = (
				en,
			);
			mainGroup = 4C6443D919DF978500893F45;
			productRefGroup = 4C6443E319DF978500893F45 /* Products */;
			projectDirPath = "";
			projectRoot = "";
			targets = (
				4C6443E119DF978500893F45 /* SystemKit */,
			);
		};
/* End PBXProject section */

/* Begin PBXSourcesBuildPhase section */
		4C6443DE19DF978500893F45 /* Sources */ = {
			isa = PBXSourcesBuildPhase;
			buildActionMask = 2147483647;
			files = (
				4CAC81A119E8B56C00166B26 /* IOReturn.swift in Sources */,
				4C6443E619DF978500893F45 /* main.swift in Sources */,
				4C8DC68D19E70BFC00E1A887 /* Battery.swift in Sources */,
			);
			runOnlyForDeploymentPostprocessing = 0;
		};
/* End PBXSourcesBuildPhase section */

/* Begin XCBuildConfiguration section */
		4C6443E719DF978500893F45 /* Debug */ = {
			isa = XCBuildConfiguration;
			buildSettings = {
				ALWAYS_SEARCH_USER_PATHS = NO;
				CLANG_CXX_LANGUAGE_STANDARD = "gnu++0x";
				CLANG_CXX_LIBRARY = "libc++";
				CLANG_ENABLE_MODULES = YES;
				CLANG_ENABLE_OBJC_ARC = YES;
				CLANG_WARN_BOOL_CONVERSION = YES;
				CLANG_WARN_CONSTANT_CONVERSION = YES;
				CLANG_WARN_DIRECT_OBJC_ISA_USAGE = YES_ERROR;
				CLANG_WARN_EMPTY_BODY = YES;
				CLANG_WARN_ENUM_CONVERSION = YES;
				CLANG_WARN_INT_CONVERSION = YES;
				CLANG_WARN_OBJC_ROOT_CLASS = YES_ERROR;
				CLANG_WARN_UNREACHABLE_CODE = YES;
				CLANG_WARN__DUPLICATE_METHOD_MATCH = YES;
				COPY_PHASE_STRIP = NO;
				ENABLE_STRICT_OBJC_MSGSEND = YES;
				GCC_C_LANGUAGE_STANDARD = gnu99;
				GCC_DYNAMIC_NO_PIC = NO;
				GCC_OPTIMIZATION_LEVEL = 0;
				GCC_PREPROCESSOR_DEFINITIONS = (
					"DEBUG=1",
					"$(inherited)",
				);
				GCC_SYMBOLS_PRIVATE_EXTERN = NO;
				GCC_WARN_64_TO_32_BIT_CONVERSION = YES;
				GCC_WARN_ABOUT_RETURN_TYPE = YES_ERROR;
				GCC_WARN_UNDECLARED_SELECTOR = YES;
				GCC_WARN_UNINITIALIZED_AUTOS = YES_AGGRESSIVE;
				GCC_WARN_UNUSED_FUNCTION = YES;
				GCC_WARN_UNUSED_VARIABLE = YES;
				MACOSX_DEPLOYMENT_TARGET = 10.9;
				MTL_ENABLE_DEBUG_INFO = YES;
				ONLY_ACTIVE_ARCH = YES;
				SDKROOT = macosx;
				SWIFT_OPTIMIZATION_LEVEL = "-Onone";
			};
			name = Debug;
		};
		4C6443E819DF978500893F45 /* Release */ = {
			isa = XCBuildConfiguration;
			buildSettings = {
				ALWAYS_SEARCH_USER_PATHS = NO;
				CLANG_CXX_LANGUAGE_STANDARD = "gnu++0x";
				CLANG_CXX_LIBRARY = "libc++";
				CLANG_ENABLE_MODULES = YES;
				CLANG_ENABLE_OBJC_ARC = YES;
				CLANG_WARN_BOOL_CONVERSION = YES;
				CLANG_WARN_CONSTANT_CONVERSION = YES;
				CLANG_WARN_DIRECT_OBJC_ISA_USAGE = YES_ERROR;
				CLANG_WARN_EMPTY_BODY = YES;
				CLANG_WARN_ENUM_CONVERSION = YES;
				CLANG_WARN_INT_CONVERSION = YES;
				CLANG_WARN_OBJC_ROOT_CLASS = YES_ERROR;
				CLANG_WARN_UNREACHABLE_CODE = YES;
				CLANG_WARN__DUPLICATE_METHOD_MATCH = YES;
				COPY_PHASE_STRIP = YES;
				DEBUG_INFORMATION_FORMAT = "dwarf-with-dsym";
				ENABLE_NS_ASSERTIONS = NO;
				ENABLE_STRICT_OBJC_MSGSEND = YES;
				GCC_C_LANGUAGE_STANDARD = gnu99;
				GCC_WARN_64_TO_32_BIT_CONVERSION = YES;
				GCC_WARN_ABOUT_RETURN_TYPE = YES_ERROR;
				GCC_WARN_UNDECLARED_SELECTOR = YES;
				GCC_WARN_UNINITIALIZED_AUTOS = YES_AGGRESSIVE;
				GCC_WARN_UNUSED_FUNCTION = YES;
				GCC_WARN_UNUSED_VARIABLE = YES;
				MACOSX_DEPLOYMENT_TARGET = 10.9;
				MTL_ENABLE_DEBUG_INFO = NO;
				SDKROOT = macosx;
			};
			name = Release;
		};
		4C6443EA19DF978500893F45 /* Debug */ = {
			isa = XCBuildConfiguration;
			buildSettings = {
				PRODUCT_NAME = "$(TARGET_NAME)";
			};
			name = Debug;
		};
		4C6443EB19DF978500893F45 /* Release */ = {
			isa = XCBuildConfiguration;
			buildSettings = {
				PRODUCT_NAME = "$(TARGET_NAME)";
			};
			name = Release;
		};
/* End XCBuildConfiguration section */

/* Begin XCConfigurationList section */
		4C6443DD19DF978500893F45 /* Build configuration list for PBXProject "SystemKit" */ = {
			isa = XCConfigurationList;
			buildConfigurations = (
				4C6443E719DF978500893F45 /* Debug */,
				4C6443E819DF978500893F45 /* Release */,
			);
			defaultConfigurationIsVisible = 0;
			defaultConfigurationName = Release;
		};
		4C6443E919DF978500893F45 /* Build configuration list for PBXNativeTarget "SystemKit" */ = {
			isa = XCConfigurationList;
			buildConfigurations = (
				4C6443EA19DF978500893F45 /* Debug */,
				4C6443EB19DF978500893F45 /* Release */,
			);
			defaultConfigurationIsVisible = 0;
			defaultConfigurationName = Release;
		};
/* End XCConfigurationList section */
	};
	rootObject = 4C6443DA19DF978500893F45 /* Project object */;
}
